
Microsoft Visual Studio Solution File, Format Version 12.00
# Visual Studio 15
VisualStudioVersion = 15.0.27004.2010
MinimumVisualStudioVersion = 10.0.40219.1
Project("{FAE04EC0-301F-11D3-BF4B-00C04F79EFBC}") = "WindowsFormsApp2", "WindowsFormsApp2\WindowsFormsApp2.csproj", "{86EECBFA-2695-462A-841B-4CD647C42D67}"
EndProject
Project("{FAE04EC0-301F-11D3-BF4B-00C04F79EFBC}") = "Data", "Data\Data.csproj", "{D230CA2C-52ED-4A40-9971-324DF9DD8BD4}"
EndProject
Global
	GlobalSection(SolutionConfigurationPlatforms) = preSolution
		Debug|Any CPU = Debug|Any CPU
		Release|Any CPU = Release|Any CPU
	EndGlobalSection
	GlobalSection(ProjectConfigurationPlatforms) = postSolution
		{86EECBFA-2695-462A-841B-4CD647C42D67}.Debug|Any CPU.ActiveCfg = Debug|Any CPU
		{86EECBFA-2695-462A-841B-4CD647C42D67}.Debug|Any CPU.Build.0 = Debug|Any CPU
		{86EECBFA-2695-462A-841B-4CD647C42D67}.Release|Any CPU.ActiveCfg = Release|Any CPU
		{86EECBFA-2695-462A-841B-4CD647C42D67}.Release|Any CPU.Build.0 = Release|Any CPU
		{D230CA2C-52ED-4A40-9971-324DF9DD8BD4}.Debug|Any CPU.ActiveCfg = Debug|Any CPU
		{D230CA2C-52ED-4A40-9971-324DF9DD8BD4}.Debug|Any CPU.Build.0 = Debug|Any CPU
		{D230CA2C-52ED-4A40-9971-324DF9DD8BD4}.Release|Any CPU.ActiveCfg = Release|Any CPU
		{D230CA2C-52ED-4A40-9971-324DF9DD8BD4}.Release|Any CPU.Build.0 = Release|Any CPU
	EndGlobalSection
	GlobalSection(SolutionProperties) = preSolution
		HideSolutionNode = FALSE
	EndGlobalSection
	GlobalSection(ExtensibilityGlobals) = postSolution
		SolutionGuid = {8E882C57-AE0B-4CED-A144-CEE33930BC3D}
	EndGlobalSection
EndGlobal
